
Microsoft Visual Studio Solution File, Format Version 12.00
# Visual Studio Version 17
VisualStudioVersion = 17.4.33110.190
MinimumVisualStudioVersion = 10.0.40219.1
Project("{FAE04EC0-301F-11D3-BF4B-00C04F79EFBC}") = "IFormattable", "IFormattable\IFormattable.csproj", "{01470FF4-B6C9-4744-9912-2AA3CD2844B1}"
EndProject
Global
	GlobalSection(SolutionConfigurationPlatforms) = preSolution
		Debug|Any CPU = Debug|Any CPU
		Release|Any CPU = Release|Any CPU
	EndGlobalSection
	GlobalSection(ProjectConfigurationPlatforms) = postSolution
		{01470FF4-B6C9-4744-9912-2AA3CD2844B1}.Debug|Any CPU.ActiveCfg = Debug|Any CPU
		{01470FF4-B6C9-4744-9912-2AA3CD2844B1}.Debug|Any CPU.Build.0 = Debug|Any CPU
		{01470FF4-B6C9-4744-9912-2AA3CD2844B1}.Release|Any CPU.ActiveCfg = Release|Any CPU
		{01470FF4-B6C9-4744-9912-2AA3CD2844B1}.Release|Any CPU.Build.0 = Release|Any CPU
	EndGlobalSection
	GlobalSection(SolutionProperties) = preSolution
		HideSolutionNode = FALSE
	EndGlobalSection
	GlobalSection(ExtensibilityGlobals) = postSolution
		SolutionGuid = {86E0BD2F-BF80-4E0C-A8CE-8666CF53EB75}
	EndGlobalSection
EndGlobal
